
Microsoft Visual Studio Solution File, Format Version 12.00
# Visual Studio Version 16
VisualStudioVersion = 16.0.29519.87
MinimumVisualStudioVersion = 10.0.40219.1
Project("{FAE04EC0-301F-11D3-BF4B-00C04F79EFBC}") = "KisLabs", "KisLabs.csproj", "{C20E6AD1-72C2-4D2D-81B1-6AD723491A1E}"
EndProject
Global
	GlobalSection(SolutionConfigurationPlatforms) = preSolution
		Debug|Any CPU = Debug|Any CPU
		Release|Any CPU = Release|Any CPU
	EndGlobalSection
	GlobalSection(ProjectConfigurationPlatforms) = postSolution
		{C20E6AD1-72C2-4D2D-81B1-6AD723491A1E}.Debug|Any CPU.ActiveCfg = Debug|Any CPU
		{C20E6AD1-72C2-4D2D-81B1-6AD723491A1E}.Debug|Any CPU.Build.0 = Debug|Any CPU
		{C20E6AD1-72C2-4D2D-81B1-6AD723491A1E}.Release|Any CPU.ActiveCfg = Release|Any CPU
		{C20E6AD1-72C2-4D2D-81B1-6AD723491A1E}.Release|Any CPU.Build.0 = Release|Any CPU
	EndGlobalSection
	GlobalSection(SolutionProperties) = preSolution
		HideSolutionNode = FALSE
	EndGlobalSection
	GlobalSection(ExtensibilityGlobals) = postSolution
		SolutionGuid = {0C8CC1FF-C525-453E-8FBD-8BAA10247A96}
	EndGlobalSection
EndGlobal
